{
  "name": "canvas-draw",
  "version": "1.0.0",
  "lockfileVersion": 1,
  "dependencies": {
    "array-find": {
      "version": "1.0.0",
      "resolved": "http://r.cnpmjs.org/array-find/download/array-find-1.0.0.tgz",
      "integrity": "sha1-bI4obRHtdoMn+OYuzuhzU8o+eLg=",
      "dev": true
    },
    "asn1.js": {
      "version": "4.9.1",
      "resolved": "http://r.cnpmjs.org/asn1.js/download/asn1.js-4.9.1.tgz",
      "integrity": "sha1-SLokC0WpKA6UdImQull9IWYX/UA=",
      "dev": true
    },
    "assert": {
      "version": "1.4.1",
      "resolved": "http://r.cnpmjs.org/assert/download/assert-1.4.1.tgz",
      "integrity": "sha1-mZEtWRg2tab1s0XA8H7vwI/GXZE=",
      "dev": true
    },
    "base64-js": {
      "version": "1.2.1",
      "resolved": "http://r.cnpmjs.org/base64-js/download/base64-js-1.2.1.tgz",
      "integrity": "sha1-qRlH2h9KUW6jjltOwOw3c2deCIY=",
      "dev": true
    },
    "bn.js": {
      "version": "4.11.7",
      "resolved": "http://r.cnpmjs.org/bn.js/download/bn.js-4.11.7.tgz",
      "integrity": "sha1-3bBI5Q2UgnkAlME+s/z8gzznq0Y=",
      "dev": true
    },
    "brorand": {
      "version": "1.1.0",
      "resolved": "http://r.cnpmjs.org/brorand/download/brorand-1.1.0.tgz",
      "integrity": "sha1-EsJe/kCkXjwyPrhnWgoM5XsiNx8=",
      "dev": true
    },
    "browserify-aes": {
      "version": "1.0.6",
      "resolved": "http://r.cnpmjs.org/browserify-aes/download/browserify-aes-1.0.6.tgz",
      "integrity": "sha1-Xncl297x/Vkw1OurSFZ85FHEigo=",
      "dev": true
    },
    "browserify-cipher": {
      "version": "1.0.0",
      "resolved": "http://r.cnpmjs.org/browserify-cipher/download/browserify-cipher-1.0.0.tgz",
      "integrity": "sha1-mYgkSHS/XtTijalWZtzWasj8Njo=",
      "dev": true
    },
    "browserify-des": {
      "version": "1.0.0",
      "resolved": "http://r.cnpmjs.org/browserify-des/download/browserify-des-1.0.0.tgz",
      "integrity": "sha1-2qJ3cXRwki7S/hhZQRihdUOXId0=",
      "dev": true
    },
    "browserify-rsa": {
      "version": "4.0.1",
      "resolved": "http://r.cnpmjs.org/browserify-rsa/download/browserify-rsa-4.0.1.tgz",
      "integrity": "sha1-IeCr+vbyApzy+vsTNWenAdQTVSQ=",
      "dev": true
    },
    "browserify-sign": {
      "version": "4.0.4",
      "resolved": "http://r.cnpmjs.org/browserify-sign/download/browserify-sign-4.0.4.tgz",
      "integrity": "sha1-qk62jl17ZYuqa/alfmMMvXqT0pg=",
      "dev": true
    },
    "browserify-zlib": {
      "version": "0.1.4",
      "resolved": "http://r.cnpmjs.org/browserify-zlib/download/browserify-zlib-0.1.4.tgz",
      "integrity": "sha1-uzX4pRn2AOD6a4SFJByXnQFB+y0=",
      "dev": true
    },
    "buffer": {
      "version": "4.9.1",
      "resolved": "http://r.cnpmjs.org/buffer/download/buffer-4.9.1.tgz",
      "integrity": "sha1-bRu2AbB6TvztlwlBMgkwJ8lbwpg=",
      "dev": true
    },
    "buffer-xor": {
      "version": "1.0.3",
      "resolved": "http://r.cnpmjs.org/buffer-xor/download/buffer-xor-1.0.3.tgz",
      "integrity": "sha1-JuYe0UIvtw3ULm42cp7VHYVf6Nk=",
      "dev": true
    },
    "builtin-status-codes": {
      "version": "3.0.0",
      "resolved": "http://r.cnpmjs.org/builtin-status-codes/download/builtin-status-codes-3.0.0.tgz",
      "integrity": "sha1-hZgoeOIbmOHGZCXgPQF0eI9Wnug=",
      "dev": true
    },
    "cipher-base": {
      "version": "1.0.3",
      "resolved": "http://r.cnpmjs.org/cipher-base/download/cipher-base-1.0.3.tgz",
      "integrity": "sha1-7qvxlEGc6QDaMBjCB9IS8qbfCgc=",
      "dev": true
    },
    "console-browserify": {
      "version": "1.1.0",
      "resolved": "http://r.cnpmjs.org/console-browserify/download/console-browserify-1.1.0.tgz",
      "integrity": "sha1-8CQcRXMKn8YyOyBtvzjtx0HQuxA=",
      "dev": true
    },
    "constants-browserify": {
      "version": "1.0.0",
      "resolved": "http://r.cnpmjs.org/constants-browserify/download/constants-browserify-1.0.0.tgz",
      "integrity": "sha1-wguW2MYXdIqvHBYCF2DNJ/y4y3U=",
      "dev": true
    },
    "core-util-is": {
      "version": "1.0.2",
      "resolved": "http://r.cnpmjs.org/core-util-is/download/core-util-is-1.0.2.tgz",
      "integrity": "sha1-tf1UIgqivFq1eqtxQMlAdUUDwac=",
      "dev": true
    },
    "create-ecdh": {
      "version": "4.0.0",
      "resolved": "http://r.cnpmjs.org/create-ecdh/download/create-ecdh-4.0.0.tgz",
      "integrity": "sha1-iIxyNZbN92EvZJgjPuvXo1MBc30=",
      "dev": true
    },
    "create-hash": {
      "version": "1.1.3",
      "resolved": "http://r.cnpmjs.org/create-hash/download/create-hash-1.1.3.tgz",
      "integrity": "sha1-YGBCrIuSYnUPSDyt2rD1gZFy2P0=",
      "dev": true
    },
    "create-hmac": {
      "version": "1.1.6",
      "resolved": "http://r.cnpmjs.org/create-hmac/download/create-hmac-1.1.6.tgz",
      "integrity": "sha1-rLniIaThe9sHbpBlfEK5PjcmzwY=",
      "dev": true
    },
    "crypto-browserify": {
      "version": "3.11.0",
      "resolved": "http://r.cnpmjs.org/crypto-browserify/download/crypto-browserify-3.11.0.tgz",
      "integrity": "sha1-NlKgkGq5sqfgw85mpAjpV6JIVSI=",
      "dev": true
    },
    "date-now": {
      "version": "0.1.4",
      "resolved": "http://r.cnpmjs.org/date-now/download/date-now-0.1.4.tgz",
      "integrity": "sha1-6vQ5/U1ISK105cx9vvIAZyueNFs=",
      "dev": true
    },
    "debug": {
      "version": "2.6.8",
      "resolved": "http://r.cnpmjs.org/debug/download/debug-2.6.8.tgz",
      "integrity": "sha1-5zFTHKLt4n0YgiJCfaF4IdaP9Pw=",
      "dev": true
    },
    "des.js": {
      "version": "1.0.0",
      "resolved": "http://r.cnpmjs.org/des.js/download/des.js-1.0.0.tgz",
      "integrity": "sha1-wHTS4qpqipoH29YfmhXCzYPsjsw=",
      "dev": true
    },
    "diffie-hellman": {
      "version": "5.0.2",
      "resolved": "http://r.cnpmjs.org/diffie-hellman/download/diffie-hellman-5.0.2.tgz",
      "integrity": "sha1-tYNXOScM/ias9jIJn97SoH8gnl4=",
      "dev": true
    },
    "domain-browser": {
      "version": "1.1.7",
      "resolved": "http://r.cnpmjs.org/domain-browser/download/domain-browser-1.1.7.tgz",
      "integrity": "sha1-hnqksJP6oF8d4IwG9NeyH9+GmLw=",
      "dev": true
    },
    "elliptic": {
      "version": "6.4.0",
      "resolved": "http://r.cnpmjs.org/elliptic/download/elliptic-6.4.0.tgz",
      "integrity": "sha1-ysmvh2LIWDYYcAPI3+GT5eLq5d8=",
      "dev": true
    },
    "enhanced-resolve": {
      "version": "0.9.1",
      "resolved": "http://r.cnpmjs.org/enhanced-resolve/download/enhanced-resolve-0.9.1.tgz",
      "integrity": "sha1-TW5omzcl+GCQknzMhs2fFjW4ni4=",
      "dev": true
    },
    "eslint-config-airbnb-base": {
      "version": "11.2.0",
      "resolved": "http://r.cnpmjs.org/eslint-config-airbnb-base/download/eslint-config-airbnb-base-11.2.0.tgz",
      "integrity": "sha1-GancRIGib3CQRUXsBAEWh2AY+FM=",
      "dev": true
    },
    "eslint-import-resolver-webpack": {
      "version": "0.8.3",
      "resolved": "http://r.cnpmjs.org/eslint-import-resolver-webpack/download/eslint-import-resolver-webpack-0.8.3.tgz",
      "integrity": "sha1-rWHijfN4pHRFnZU/JG/UP5JnU4U=",
      "dev": true
    },
    "events": {
      "version": "1.1.1",
      "resolved": "http://r.cnpmjs.org/events/download/events-1.1.1.tgz",
      "integrity": "sha1-nr23Y1rQmccNzEwqH1AEKI6L2SQ=",
      "dev": true
    },
    "evp_bytestokey": {
      "version": "1.0.0",
      "resolved": "http://r.cnpmjs.org/evp_bytestokey/download/evp_bytestokey-1.0.0.tgz",
      "integrity": "sha1-SXtmrZ/vZc18CKYYCCS6FHa2blM=",
      "dev": true
    },
    "find-root": {
      "version": "0.1.2",
      "resolved": "http://r.cnpmjs.org/find-root/download/find-root-0.1.2.tgz",
      "integrity": "sha1-mNImfP8ZFsyvJ0OzoO6oHXnX3NE=",
      "dev": true
    },
    "function-bind": {
      "version": "1.1.0",
      "resolved": "http://r.cnpmjs.org/function-bind/download/function-bind-1.1.0.tgz",
      "integrity": "sha1-FhdnFMgBeY5Ojyz391KUZ7tKV3E=",
      "dev": true
    },
    "graceful-fs": {
      "version": "4.1.11",
      "resolved": "http://r.cnpmjs.org/graceful-fs/download/graceful-fs-4.1.11.tgz",
      "integrity": "sha1-Dovf5NHduIVNZOBOp8AOKgJuVlg=",
      "dev": true
    },
    "has": {
      "version": "1.0.1",
      "resolved": "http://r.cnpmjs.org/has/download/has-1.0.1.tgz",
      "integrity": "sha1-hGFzP1OLCDfJNh45qauelwTcLyg=",
      "dev": true
    },
    "hash-base": {
      "version": "2.0.2",
      "resolved": "http://r.cnpmjs.org/hash-base/download/hash-base-2.0.2.tgz",
      "integrity": "sha1-ZuodhW206KVHDK32/OI65SRO8uE=",
      "dev": true
    },
    "hash.js": {
      "version": "1.1.2",
      "resolved": "http://r.cnpmjs.org/hash.js/download/hash.js-1.1.2.tgz",
      "integrity": "sha1-v1yIeCXP5Aue/ee/Eb0tsm5r8Bs=",
      "dev": true,
      "dependencies": {
        "inherits": {
          "version": "2.0.3",
          "resolved": "http://r.cnpmjs.org/inherits/download/inherits-2.0.3.tgz",
          "integrity": "sha1-Yzwsg+PaQqUC9SRmAiSA9CCCYd4=",
          "dev": true
        }
      }
    },
    "hmac-drbg": {
      "version": "1.0.1",
      "resolved": "http://r.cnpmjs.org/hmac-drbg/download/hmac-drbg-1.0.1.tgz",
      "integrity": "sha1-0nRXAQJabHdabFRXk+1QL8DGSaE=",
      "dev": true
    },
    "https-browserify": {
      "version": "0.0.1",
      "resolved": "http://r.cnpmjs.org/https-browserify/download/https-browserify-0.0.1.tgz",
      "integrity": "sha1-P5E2XKvmC3ftDruiS0VOPgnZWoI=",
      "dev": true
    },
    "ieee754": {
      "version": "1.1.8",
      "resolved": "http://r.cnpmjs.org/ieee754/download/ieee754-1.1.8.tgz",
      "integrity": "sha1-vjPUCsEO8ZJnAfbwii2G+/0a0+Q=",
      "dev": true
    },
    "indexof": {
      "version": "0.0.1",
      "resolved": "http://r.cnpmjs.org/indexof/download/indexof-0.0.1.tgz",
      "integrity": "sha1-gtwzbSMrkGIXnQWrMpOmYFn9Q10=",
      "dev": true
    },
    "inherits": {
      "version": "2.0.1",
      "resolved": "http://r.cnpmjs.org/inherits/download/inherits-2.0.1.tgz",
      "integrity": "sha1-sX0I0ya0Qj5Wjv9xn5GwscvfafE=",
      "dev": true
    },
    "interpret": {
      "version": "1.0.3",
      "resolved": "http://r.cnpmjs.org/interpret/download/interpret-1.0.3.tgz",
      "integrity": "sha1-y8NcYu7uc/Gat7EKgBURQBr8D5A=",
      "dev": true
    },
    "is-absolute": {
      "version": "0.2.6",
      "resolved": "http://r.cnpmjs.org/is-absolute/download/is-absolute-0.2.6.tgz",
      "integrity": "sha1-IN5p89uULvLYe5wto28XIjWxtes=",
      "dev": true
    },
    "is-relative": {
      "version": "0.2.1",
      "resolved": "http://r.cnpmjs.org/is-relative/download/is-relative-0.2.1.tgz",
      "integrity": "sha1-0n9MfVFtF1+2ENuEu+7yPDvJeqU=",
      "dev": true
    },
    "is-unc-path": {
      "version": "0.1.2",
      "resolved": "http://r.cnpmjs.org/is-unc-path/download/is-unc-path-0.1.2.tgz",
      "integrity": "sha1-arBTpyVzwQJQ/0FqOBTDUXivObk=",
      "dev": true
    },
    "is-windows": {
      "version": "0.2.0",
      "resolved": "http://r.cnpmjs.org/is-windows/download/is-windows-0.2.0.tgz",
      "integrity": "sha1-3hqm1j6indJIc3tp8f+LgALSEIw=",
      "dev": true
    },
    "isarray": {
      "version": "1.0.0",
      "resolved": "http://r.cnpmjs.org/isarray/download/isarray-1.0.0.tgz",
      "integrity": "sha1-u5NdSFgsuhaMBoNJV6VKPgcSTxE=",
      "dev": true
    },
    "lodash._baseget": {
      "version": "3.7.2",
      "resolved": "http://r.cnpmjs.org/lodash._baseget/download/lodash._baseget-3.7.2.tgz",
      "integrity": "sha1-G2rh1frPPCVTI1ChPBGXy4u2dPQ=",
      "dev": true
    },
    "lodash._topath": {
      "version": "3.8.1",
      "resolved": "http://r.cnpmjs.org/lodash._topath/download/lodash._topath-3.8.1.tgz",
      "integrity": "sha1-PsXiYGAU9MuX91X+aRTt2L/ADqw=",
      "dev": true
    },
    "lodash.get": {
      "version": "3.7.0",
      "resolved": "http://r.cnpmjs.org/lodash.get/download/lodash.get-3.7.0.tgz",
      "integrity": "sha1-POaK4skWg7KBzFOUEoMDy/deaR8=",
      "dev": true
    },
    "lodash.isarray": {
      "version": "3.0.4",
      "resolved": "http://r.cnpmjs.org/lodash.isarray/download/lodash.isarray-3.0.4.tgz",
      "integrity": "sha1-eeTriMNqgSKvhvhEqpvNhRtfu1U=",
      "dev": true
    },
    "memory-fs": {
      "version": "0.2.0",
      "resolved": "http://r.cnpmjs.org/memory-fs/download/memory-fs-0.2.0.tgz",
      "integrity": "sha1-8rslNovBIeORwlIN6Slpyu4KApA=",
      "dev": true
    },
    "miller-rabin": {
      "version": "4.0.0",
      "resolved": "http://r.cnpmjs.org/miller-rabin/download/miller-rabin-4.0.0.tgz",
      "integrity": "sha1-SmL7HUKTPAVYOYL0xxb2+55sbT0=",
      "dev": true
    },
    "minimalistic-assert": {
      "version": "1.0.0",
      "resolved": "http://r.cnpmjs.org/minimalistic-assert/download/minimalistic-assert-1.0.0.tgz",
      "integrity": "sha1-cCvi3aazf0g2vLP121ZkG2Sh09M=",
      "dev": true
    },
    "minimalistic-crypto-utils": {
      "version": "1.0.1",
      "resolved": "http://r.cnpmjs.org/minimalistic-crypto-utils/download/minimalistic-crypto-utils-1.0.1.tgz",
      "integrity": "sha1-9sAMHAsIIkblxNmd+4x8CDsrWCo=",
      "dev": true
    },
    "ms": {
      "version": "2.0.0",
      "resolved": "http://r.cnpmjs.org/ms/download/ms-2.0.0.tgz",
      "integrity": "sha1-VgiurfwAvmwpAd9fmGF4jeDVl8g=",
      "dev": true
    },
    "node-libs-browser": {
      "version": "1.1.1",
      "resolved": "http://r.cnpmjs.org/node-libs-browser/download/node-libs-browser-1.1.1.tgz",
      "integrity": "sha1-KjgkOr7dff/NB6l8mspWaJdab+o=",
      "dev": true
    },
    "os-browserify": {
      "version": "0.2.1",
      "resolved": "http://r.cnpmjs.org/os-browserify/download/os-browserify-0.2.1.tgz",
      "integrity": "sha1-Y/xMzuXS13Y9Jrv4YBB45sLgBE8=",
      "dev": true
    },
    "pako": {
      "version": "0.2.9",
      "resolved": "http://r.cnpmjs.org/pako/download/pako-0.2.9.tgz",
      "integrity": "sha1-8/dSL073gjSNqBYbrZ7P1Rv4OnU=",
      "dev": true
    },
    "parse-asn1": {
      "version": "5.1.0",
      "resolved": "http://r.cnpmjs.org/parse-asn1/download/parse-asn1-5.1.0.tgz",
      "integrity": "sha1-N8T5t+06tlx0gXtfJICTf7+XxxI=",
      "dev": true
    },
    "path-browserify": {
      "version": "0.0.0",
      "resolved": "http://r.cnpmjs.org/path-browserify/download/path-browserify-0.0.0.tgz",
      "integrity": "sha1-oLhwcpquIUAFt9UDLsLLuw+0RRo=",
      "dev": true
    },
    "path-parse": {
      "version": "1.0.5",
      "resolved": "http://r.cnpmjs.org/path-parse/download/path-parse-1.0.5.tgz",
      "integrity": "sha1-PBrfhx6pzWyUMbbqK9dKD/BVxME=",
      "dev": true
    },
    "pbkdf2": {
      "version": "3.0.12",
      "resolved": "http://r.cnpmjs.org/pbkdf2/download/pbkdf2-3.0.12.tgz",
      "integrity": "sha1-vjZ4XFBn6kjYBv+SMojF91C2uKI=",
      "dev": true
    },
    "process": {
      "version": "0.11.10",
      "resolved": "http://r.cnpmjs.org/process/download/process-0.11.10.tgz",
      "integrity": "sha1-czIwDoQBYb2j5podHZGn1LwW8YI=",
      "dev": true
    },
    "process-nextick-args": {
      "version": "1.0.7",
      "resolved": "http://r.cnpmjs.org/process-nextick-args/download/process-nextick-args-1.0.7.tgz",
      "integrity": "sha1-FQ4gt1ZZCtP5EJPyWk8q2L/zC6M=",
      "dev": true
    },
    "public-encrypt": {
      "version": "4.0.0",
      "resolved": "http://r.cnpmjs.org/public-encrypt/download/public-encrypt-4.0.0.tgz",
      "integrity": "sha1-OfaZ86RlYN1eusvKaTyvfGXBjMY=",
      "dev": true
    },
    "punycode": {
      "version": "1.4.1",
      "resolved": "http://r.cnpmjs.org/punycode/download/punycode-1.4.1.tgz",
      "integrity": "sha1-wNWmOycYgArY4esPpSachN1BhF4=",
      "dev": true
    },
    "querystring": {
      "version": "0.2.0",
      "resolved": "http://r.cnpmjs.org/querystring/download/querystring-0.2.0.tgz",
      "integrity": "sha1-sgmEkgO7Jd+CDadW50cAWHhSFiA=",
      "dev": true
    },
    "querystring-es3": {
      "version": "0.2.1",
      "resolved": "http://r.cnpmjs.org/querystring-es3/download/querystring-es3-0.2.1.tgz",
      "integrity": "sha1-nsYfeQSYdXB9aUFFlv2Qek1xHnM=",
      "dev": true
    },
    "randombytes": {
      "version": "2.0.5",
      "resolved": "http://r.cnpmjs.org/randombytes/download/randombytes-2.0.5.tgz",
      "integrity": "sha1-3ACaJGuNCaF3tLegrne8Vw9LG3k=",
      "dev": true
    },
    "readable-stream": {
      "version": "2.3.3",
      "resolved": "http://r.cnpmjs.org/readable-stream/download/readable-stream-2.3.3.tgz",
      "integrity": "sha1-No8lEtefnUb9/HE0mueHi7weuVw=",
      "dev": true,
      "dependencies": {
        "inherits": {
          "version": "2.0.3",
          "resolved": "http://r.cnpmjs.org/inherits/download/inherits-2.0.3.tgz",
          "integrity": "sha1-Yzwsg+PaQqUC9SRmAiSA9CCCYd4=",
          "dev": true
        },
        "string_decoder": {
          "version": "1.0.3",
          "resolved": "http://r.cnpmjs.org/string_decoder/download/string_decoder-1.0.3.tgz",
          "integrity": "sha1-D8Z9fBQYJd6UKC3VNr7GubzoYKs=",
          "dev": true
        }
      }
    },
    "resolve": {
      "version": "1.3.3",
      "resolved": "http://r.cnpmjs.org/resolve/download/resolve-1.3.3.tgz",
      "integrity": "sha1-ZVkHw0aahoDcLeOidaj91paR8OU=",
      "dev": true
    },
    "ripemd160": {
      "version": "2.0.1",
      "resolved": "http://r.cnpmjs.org/ripemd160/download/ripemd160-2.0.1.tgz",
      "integrity": "sha1-D0WEKVxTo2KK9+bXmsohzlfRxuc=",
      "dev": true
    },
    "safe-buffer": {
      "version": "5.1.1",
      "resolved": "http://r.cnpmjs.org/safe-buffer/download/safe-buffer-5.1.1.tgz",
      "integrity": "sha1-iTMSr2myEj3vcfV4iQAWce6yyFM=",
      "dev": true
    },
    "semver": {
      "version": "5.3.0",
      "resolved": "http://r.cnpmjs.org/semver/download/semver-5.3.0.tgz",
      "integrity": "sha1-myzl094C0XxgEq0yaqa00M9U+U8=",
      "dev": true
    },
    "sha.js": {
      "version": "2.4.8",
      "resolved": "http://r.cnpmjs.org/sha.js/download/sha.js-2.4.8.tgz",
      "integrity": "sha1-NwaMLEdra69ALRSknGf1l5IfY08=",
      "dev": true
    },
    "stream-browserify": {
      "version": "2.0.1",
      "resolved": "http://r.cnpmjs.org/stream-browserify/download/stream-browserify-2.0.1.tgz",
      "integrity": "sha1-ZiZu5fm9uZQKTkUUyvtDu3Hlyds=",
      "dev": true
    },
    "stream-http": {
      "version": "2.7.2",
      "resolved": "http://r.cnpmjs.org/stream-http/download/stream-http-2.7.2.tgz",
      "integrity": "sha1-QKBQ7I3DtTsz2ZCUFcAsC/Gr+60=",
      "dev": true
    },
    "string_decoder": {
      "version": "0.10.31",
      "resolved": "http://r.cnpmjs.org/string_decoder/download/string_decoder-0.10.31.tgz",
      "integrity": "sha1-YuIDvEF2bGwoyfyEMB2rHFMQ+pQ=",
      "dev": true
    },
    "tapable": {
      "version": "0.1.10",
      "resolved": "http://r.cnpmjs.org/tapable/download/tapable-0.1.10.tgz",
      "integrity": "sha1-KcNXB8K3DlDQdIK10gLo7URtr9Q=",
      "dev": true
    },
    "timers-browserify": {
      "version": "1.4.2",
      "resolved": "http://r.cnpmjs.org/timers-browserify/download/timers-browserify-1.4.2.tgz",
      "integrity": "sha1-ycWLV1voQHN1y14kYtrO50NZ9B0=",
      "dev": true
    },
    "to-arraybuffer": {
      "version": "1.0.1",
      "resolved": "http://r.cnpmjs.org/to-arraybuffer/download/to-arraybuffer-1.0.1.tgz",
      "integrity": "sha1-fSKbH8xjfkZsoIEYCDanqr/4P0M=",
      "dev": true
    },
    "tty-browserify": {
      "version": "0.0.0",
      "resolved": "http://r.cnpmjs.org/tty-browserify/download/tty-browserify-0.0.0.tgz",
      "integrity": "sha1-oVe6QC2iTpv5V/mqadUk7tQpAaY=",
      "dev": true
    },
    "unc-path-regex": {
      "version": "0.1.2",
      "resolved": "http://r.cnpmjs.org/unc-path-regex/download/unc-path-regex-0.1.2.tgz",
      "integrity": "sha1-5z3T17DXxe2G+6xrCufYxqadUPo=",
      "dev": true
    },
    "url": {
      "version": "0.11.0",
      "resolved": "http://r.cnpmjs.org/url/download/url-0.11.0.tgz",
      "integrity": "sha1-ODjpfPxgUh63PFJajlW/3Z4uKPE=",
      "dev": true,
      "dependencies": {
        "punycode": {
          "version": "1.3.2",
          "resolved": "http://r.cnpmjs.org/punycode/download/punycode-1.3.2.tgz",
          "integrity": "sha1-llOgNvt8HuQjQvIyXM7v6jkmxI0=",
          "dev": true
        }
      }
    },
    "util": {
      "version": "0.10.3",
      "resolved": "http://r.cnpmjs.org/util/download/util-0.10.3.tgz",
      "integrity": "sha1-evsa/lCAUkZInj23/g7TeTNqwPk=",
      "dev": true
    },
    "util-deprecate": {
      "version": "1.0.2",
      "resolved": "http://r.cnpmjs.org/util-deprecate/download/util-deprecate-1.0.2.tgz",
      "integrity": "sha1-RQ1Nyfpw3nMnYvvS1KKJgUGaDM8=",
      "dev": true
    },
    "vm-browserify": {
      "version": "0.0.4",
      "resolved": "http://r.cnpmjs.org/vm-browserify/download/vm-browserify-0.0.4.tgz",
      "integrity": "sha1-XX6kW7755Kb/ZflUOOCofDV9WnM=",
      "dev": true
    },
    "xtend": {
      "version": "4.0.1",
      "resolved": "http://r.cnpmjs.org/xtend/download/xtend-4.0.1.tgz",
      "integrity": "sha1-pcbVMr5lbiPbgg77lDofBJmNY68=",
      "dev": true
    }
  }
}
